// !$*UTF8*$!
{
	archiveVersion = 1;
	classes = {
	};
	objectVersion = 55;
	objects = {

/* Begin PBXBuildFile section */
		AF33779B267BBD41009A29AE /* CashAppApp.swift in Sources */ = {isa = PBXBuildFile; fileRef = AF33779A267BBD41009A29AE /* CashAppApp.swift */; };
		AF33779D267BBD41009A29AE /* ContentView.swift in Sources */ = {isa = PBXBuildFile; fileRef = AF33779C267BBD41009A29AE /* ContentView.swift */; };
		AF33779F267BBD42009A29AE /* Assets.xcassets in Resources */ = {isa = PBXBuildFile; fileRef = AF33779E267BBD42009A29AE /* Assets.xcassets */; };
		AF3377A2267BBD42009A29AE /* Preview Assets.xcassets in Resources */ = {isa = PBXBuildFile; fileRef = AF3377A1267BBD42009A29AE /* Preview Assets.xcassets */; };
		AF3377A9267BC394009A29AE /* PhoneNumberOnboardingView.swift in Sources */ = {isa = PBXBuildFile; fileRef = AF3377A8267BC394009A29AE /* PhoneNumberOnboardingView.swift */; };
		AF3377AB267BC410009A29AE /* TextStyles.swift in Sources */ = {isa = PBXBuildFile; fileRef = AF3377AA267BC410009A29AE /* TextStyles.swift */; };
		AF3377B0267BC430009A29AE /* CashMarket-BoldRounded.otf in Resources */ = {isa = PBXBuildFile; fileRef = AF3377AD267BC42F009A29AE /* CashMarket-BoldRounded.otf */; };
		AF3377B1267BC430009A29AE /* CashMarket-MediumRounded.otf in Resources */ = {isa = PBXBuildFile; fileRef = AF3377AE267BC430009A29AE /* CashMarket-MediumRounded.otf */; };
		AF3377B2267BC430009A29AE /* CashMarket-RegularRounded.otf in Resources */ = {isa = PBXBuildFile; fileRef = AF3377AF267BC430009A29AE /* CashMarket-RegularRounded.otf */; };
		AF3377B5267BCC68009A29AE /* PostPhoneNumberView.swift in Sources */ = {isa = PBXBuildFile; fileRef = AF3377B4267BCC68009A29AE /* PostPhoneNumberView.swift */; };
		AF3377BD267BD4BF009A29AE /* InviteContactsView.swift in Sources */ = {isa = PBXBuildFile; fileRef = AF3377BC267BD4BF009A29AE /* InviteContactsView.swift */; };
		AF3377BF267BD4EF009A29AE /* ContactService.swift in Sources */ = {isa = PBXBuildFile; fileRef = AF3377BE267BD4EF009A29AE /* ContactService.swift */; };
		AF3377C1267BD6F3009A29AE /* WelcomeScreen.swift in Sources */ = {isa = PBXBuildFile; fileRef = AF3377C0267BD6F3009A29AE /* WelcomeScreen.swift */; };
		AF3377C3267BD9F4009A29AE /* HomeView.swift in Sources */ = {isa = PBXBuildFile; fileRef = AF3377C2267BD9F4009A29AE /* HomeView.swift */; };
		AF3377C5267BDA17009A29AE /* BankingView.swift in Sources */ = {isa = PBXBuildFile; fileRef = AF3377C4267BDA17009A29AE /* BankingView.swift */; };
		AF3377C8267BDEB9009A29AE /* FontAwesomeSwiftUI in Frameworks */ = {isa = PBXBuildFile; productRef = AF3377C7267BDEB9009A29AE /* FontAwesomeSwiftUI */; };
		AF9D3E67267CCE2600414027 /* SplashScreen.swift in Sources */ = {isa = PBXBuildFile; fileRef = AF9D3E66267CCE2600414027 /* SplashScreen.swift */; };
		AF9D3E69267D041100414027 /* ContactStore.swift in Sources */ = {isa = PBXBuildFile; fileRef = AF9D3E68267D041000414027 /* ContactStore.swift */; };
/* End PBXBuildFile section */

/* Begin PBXFileReference section */
		AF337797267BBD41009A29AE /* CashApp.app */ = {isa = PBXFileReference; explicitFileType = wrapper.application; includeInIndex = 0; path = CashApp.app; sourceTree = BUILT_PRODUCTS_DIR; };
		AF33779A267BBD41009A29AE /* CashAppApp.swift */ = {isa = PBXFileReference; lastKnownFileType = sourcecode.swift; path = CashAppApp.swift; sourceTree = "<group>"; };
		AF33779C267BBD41009A29AE /* ContentView.swift */ = {isa = PBXFileReference; lastKnownFileType = sourcecode.swift; path = ContentView.swift; sourceTree = "<group>"; };
		AF33779E267BBD42009A29AE /* Assets.xcassets */ = {isa = PBXFileReference; lastKnownFileType = folder.assetcatalog; path = Assets.xcassets; sourceTree = "<group>"; };
		AF3377A1267BBD42009A29AE /* Preview Assets.xcassets */ = {isa = PBXFileReference; lastKnownFileType = folder.assetcatalog; path = "Preview Assets.xcassets"; sourceTree = "<group>"; };
		AF3377A8267BC394009A29AE /* PhoneNumberOnboardingView.swift */ = {isa = PBXFileReference; lastKnownFileType = sourcecode.swift; path = PhoneNumberOnboardingView.swift; sourceTree = "<group>"; };
		AF3377AA267BC410009A29AE /* TextStyles.swift */ = {isa = PBXFileReference; fileEncoding = 4; lastKnownFileType = sourcecode.swift; path = TextStyles.swift; sourceTree = "<group>"; };
		AF3377AD267BC42F009A29AE /* CashMarket-BoldRounded.otf */ = {isa = PBXFileReference; lastKnownFileType = file; path = "CashMarket-BoldRounded.otf"; sourceTree = "<group>"; };
		AF3377AE267BC430009A29AE /* CashMarket-MediumRounded.otf */ = {isa = PBXFileReference; lastKnownFileType = file; path = "CashMarket-MediumRounded.otf"; sourceTree = "<group>"; };
		AF3377AF267BC430009A29AE /* CashMarket-RegularRounded.otf */ = {isa = PBXFileReference; lastKnownFileType = file; path = "CashMarket-RegularRounded.otf"; sourceTree = "<group>"; };
		AF3377B3267BC459009A29AE /* Info.plist */ = {isa = PBXFileReference; lastKnownFileType = text.plist; path = Info.plist; sourceTree = "<group>"; };
		AF3377B4267BCC68009A29AE /* PostPhoneNumberView.swift */ = {isa = PBXFileReference; lastKnownFileType = sourcecode.swift; path = PostPhoneNumberView.swift; sourceTree = "<group>"; };
		AF3377BC267BD4BF009A29AE /* InviteContactsView.swift */ = {isa = PBXFileReference; lastKnownFileType = sourcecode.swift; path = InviteContactsView.swift; sourceTree = "<group>"; };
		AF3377BE267BD4EF009A29AE /* ContactService.swift */ = {isa = PBXFileReference; lastKnownFileType = sourcecode.swift; path = ContactService.swift; sourceTree = "<group>"; };
		AF3377C0267BD6F3009A29AE /* WelcomeScreen.swift */ = {isa = PBXFileReference; lastKnownFileType = sourcecode.swift; path = WelcomeScreen.swift; sourceTree = "<group>"; };
		AF3377C2267BD9F4009A29AE /* HomeView.swift */ = {isa = PBXFileReference; lastKnownFileType = sourcecode.swift; path = HomeView.swift; sourceTree = "<group>"; };
		AF3377C4267BDA17009A29AE /* BankingView.swift */ = {isa = PBXFileReference; lastKnownFileType = sourcecode.swift; path = BankingView.swift; sourceTree = "<group>"; };
		AF9D3E66267CCE2600414027 /* SplashScreen.swift */ = {isa = PBXFileReference; lastKnownFileType = sourcecode.swift; path = SplashScreen.swift; sourceTree = "<group>"; };
		AF9D3E68267D041000414027 /* ContactStore.swift */ = {isa = PBXFileReference; lastKnownFileType = sourcecode.swift; path = ContactStore.swift; sourceTree = "<group>"; };
/* End PBXFileReference section */

/* Begin PBXFrameworksBuildPhase section */
		AF337794267BBD41009A29AE /* Frameworks */ = {
			isa = PBXFrameworksBuildPhase;
			buildActionMask = 2147483647;
			files = (
				AF3377C8267BDEB9009A29AE /* FontAwesomeSwiftUI in Frameworks */,
			);
			runOnlyForDeploymentPostprocessing = 0;
		};
/* End PBXFrameworksBuildPhase section */

/* Begin PBXGroup section */
		AF33778E267BBD41009A29AE = {
			isa = PBXGroup;
			children = (
				AF337799267BBD41009A29AE /* CashApp */,
				AF337798267BBD41009A29AE /* Products */,
			);
			sourceTree = "<group>";
		};
		AF337798267BBD41009A29AE /* Products */ = {
			isa = PBXGroup;
			children = (
				AF337797267BBD41009A29AE /* CashApp.app */,
			);
			name = Products;
			sourceTree = "<group>";
		};
		AF337799267BBD41009A29AE /* CashApp */ = {
			isa = PBXGroup;
			children = (
				AF3377B3267BC459009A29AE /* Info.plist */,
				AF33779A267BBD41009A29AE /* CashAppApp.swift */,
				AF33779C267BBD41009A29AE /* ContentView.swift */,
				AF3377B4267BCC68009A29AE /* PostPhoneNumberView.swift */,
				AF3377A8267BC394009A29AE /* PhoneNumberOnboardingView.swift */,
				AF3377AA267BC410009A29AE /* TextStyles.swift */,
				AF3377BC267BD4BF009A29AE /* InviteContactsView.swift */,
				AF3377C0267BD6F3009A29AE /* WelcomeScreen.swift */,
				AF3377BE267BD4EF009A29AE /* ContactService.swift */,
				AF3377C2267BD9F4009A29AE /* HomeView.swift */,
				AF3377C4267BDA17009A29AE /* BankingView.swift */,
				AF9D3E68267D041000414027 /* ContactStore.swift */,
				AF9D3E66267CCE2600414027 /* SplashScreen.swift */,
				AF33779E267BBD42009A29AE /* Assets.xcassets */,
				AF3377A0267BBD42009A29AE /* Preview Content */,
				AF3377AC267BC42F009A29AE /* fonts */,
			);
			path = CashApp;
			sourceTree = "<group>";
		};
		AF3377A0267BBD42009A29AE /* Preview Content */ = {
			isa = PBXGroup;
			children = (
				AF3377A1267BBD42009A29AE /* Preview Assets.xcassets */,
			);
			path = "Preview Content";
			sourceTree = "<group>";
		};
		AF3377AC267BC42F009A29AE /* fonts */ = {
			isa = PBXGroup;
			children = (
				AF3377AD267BC42F009A29AE /* CashMarket-BoldRounded.otf */,
				AF3377AE267BC430009A29AE /* CashMarket-MediumRounded.otf */,
				AF3377AF267BC430009A29AE /* CashMarket-RegularRounded.otf */,
			);
			path = fonts;
			sourceTree = "<group>";
		};
/* End PBXGroup section */

/* Begin PBXNativeTarget section */
		AF337796267BBD41009A29AE /* CashApp */ = {
			isa = PBXNativeTarget;
			buildConfigurationList = AF3377A5267BBD42009A29AE /* Build configuration list for PBXNativeTarget "CashApp" */;
			buildPhases = (
				AF337793267BBD41009A29AE /* Sources */,
				AF337794267BBD41009A29AE /* Frameworks */,
				AF337795267BBD41009A29AE /* Resources */,
			);
			buildRules = (
			);
			dependencies = (
			);
			name = CashApp;
			packageProductDependencies = (
				AF3377C7267BDEB9009A29AE /* FontAwesomeSwiftUI */,
			);
			productName = CashApp;
			productReference = AF337797267BBD41009A29AE /* CashApp.app */;
			productType = "com.apple.product-type.application";
		};
/* End PBXNativeTarget section */

/* Begin PBXProject section */
		AF33778F267BBD41009A29AE /* Project object */ = {
			isa = PBXProject;
			attributes = {
				BuildIndependentTargetsInParallel = 1;
				LastSwiftUpdateCheck = 1300;
				LastUpgradeCheck = 1300;
				TargetAttributes = {
					AF337796267BBD41009A29AE = {
						CreatedOnToolsVersion = 13.0;
					};
				};
			};
			buildConfigurationList = AF337792267BBD41009A29AE /* Build configuration list for PBXProject "CashApp" */;
			compatibilityVersion = "Xcode 13.0";
			developmentRegion = en;
			hasScannedForEncodings = 0;
			knownRegions = (
				en,
				Base,
			);
			mainGroup = AF33778E267BBD41009A29AE;
			packageReferences = (
				AF3377C6267BDEB9009A29AE /* XCRemoteSwiftPackageReference "FontAwesomeSwiftUI" */,
			);
			productRefGroup = AF337798267BBD41009A29AE /* Products */;
			projectDirPath = "";
			projectRoot = "";
			targets = (
				AF337796267BBD41009A29AE /* CashApp */,
			);
		};
/* End PBXProject section */

/* Begin PBXResourcesBuildPhase section */
		AF337795267BBD41009A29AE /* Resources */ = {
			isa = PBXResourcesBuildPhase;
			buildActionMask = 2147483647;
			files = (
				AF3377A2267BBD42009A29AE /* Preview Assets.xcassets in Resources */,
				AF3377B1267BC430009A29AE /* CashMarket-MediumRounded.otf in Resources */,
				AF3377B2267BC430009A29AE /* CashMarket-RegularRounded.otf in Resources */,
				AF33779F267BBD42009A29AE /* Assets.xcassets in Resources */,
				AF3377B0267BC430009A29AE /* CashMarket-BoldRounded.otf in Resources */,
			);
			runOnlyForDeploymentPostprocessing = 0;
		};
/* End PBXResourcesBuildPhase section */

/* Begin PBXSourcesBuildPhase section */
		AF337793267BBD41009A29AE /* Sources */ = {
			isa = PBXSourcesBuildPhase;
			buildActionMask = 2147483647;
			files = (
				AF9D3E67267CCE2600414027 /* SplashScreen.swift in Sources */,
				AF3377AB267BC410009A29AE /* TextStyles.swift in Sources */,
				AF3377A9267BC394009A29AE /* PhoneNumberOnboardingView.swift in Sources */,
				AF3377BD267BD4BF009A29AE /* InviteContactsView.swift in Sources */,
				AF3377C3267BD9F4009A29AE /* HomeView.swift in Sources */,
				AF3377C1267BD6F3009A29AE /* WelcomeScreen.swift in Sources */,
				AF9D3E69267D041100414027 /* ContactStore.swift in Sources */,
				AF3377C5267BDA17009A29AE /* BankingView.swift in Sources */,
				AF3377B5267BCC68009A29AE /* PostPhoneNumberView.swift in Sources */,
				AF3377BF267BD4EF009A29AE /* ContactService.swift in Sources */,
				AF33779D267BBD41009A29AE /* ContentView.swift in Sources */,
				AF33779B267BBD41009A29AE /* CashAppApp.swift in Sources */,
			);
			runOnlyForDeploymentPostprocessing = 0;
		};
/* End PBXSourcesBuildPhase section */

/* Begin XCBuildConfiguration section */
		AF3377A3267BBD42009A29AE /* Debug */ = {
			isa = XCBuildConfiguration;
			buildSettings = {
				ALWAYS_SEARCH_USER_PATHS = NO;
				CLANG_ANALYZER_NONNULL = YES;
				CLANG_ANALYZER_NUMBER_OBJECT_CONVERSION = YES_AGGRESSIVE;
				CLANG_CXX_LANGUAGE_STANDARD = "gnu++14";
				CLANG_CXX_LIBRARY = "libc++";
				CLANG_ENABLE_MODULES = YES;
				CLANG_ENABLE_OBJC_ARC = YES;
				CLANG_ENABLE_OBJC_WEAK = YES;
				CLANG_WARN_BLOCK_CAPTURE_AUTORELEASING = YES;
				CLANG_WARN_BOOL_CONVERSION = YES;
				CLANG_WARN_COMMA = YES;
				CLANG_WARN_CONSTANT_CONVERSION = YES;
				CLANG_WARN_DEPRECATED_OBJC_IMPLEMENTATIONS = YES;
				CLANG_WARN_DIRECT_OBJC_ISA_USAGE = YES_ERROR;
				CLANG_WARN_DOCUMENTATION_COMMENTS = YES;
				CLANG_WARN_EMPTY_BODY = YES;
				CLANG_WARN_ENUM_CONVERSION = YES;
				CLANG_WARN_INFINITE_RECURSION = YES;
				CLANG_WARN_INT_CONVERSION = YES;
				CLANG_WARN_NON_LITERAL_NULL_CONVERSION = YES;
				CLANG_WARN_OBJC_IMPLICIT_RETAIN_SELF = YES;
				CLANG_WARN_OBJC_LITERAL_CONVERSION = YES;
				CLANG_WARN_OBJC_ROOT_CLASS = YES_ERROR;
				CLANG_WARN_QUOTED_INCLUDE_IN_FRAMEWORK_HEADER = YES;
				CLANG_WARN_RANGE_LOOP_ANALYSIS = YES;
				CLANG_WARN_STRICT_PROTOTYPES = YES;
				CLANG_WARN_SUSPICIOUS_MOVE = YES;
				CLANG_WARN_UNGUARDED_AVAILABILITY = YES_AGGRESSIVE;
				CLANG_WARN_UNREACHABLE_CODE = YES;
				CLANG_WARN__DUPLICATE_METHOD_MATCH = YES;
				COPY_PHASE_STRIP = NO;
				DEBUG_INFORMATION_FORMAT = dwarf;
				ENABLE_STRICT_OBJC_MSGSEND = YES;
				ENABLE_TESTABILITY = YES;
				GCC_C_LANGUAGE_STANDARD = gnu11;
				GCC_DYNAMIC_NO_PIC = NO;
				GCC_NO_COMMON_BLOCKS = YES;
				GCC_OPTIMIZATION_LEVEL = 0;
				GCC_PREPROCESSOR_DEFINITIONS = (
					"DEBUG=1",
					"$(inherited)",
				);
				GCC_WARN_64_TO_32_BIT_CONVERSION = YES;
				GCC_WARN_ABOUT_RETURN_TYPE = YES_ERROR;
				GCC_WARN_UNDECLARED_SELECTOR = YES;
				GCC_WARN_UNINITIALIZED_AUTOS = YES_AGGRESSIVE;
				GCC_WARN_UNUSED_FUNCTION = YES;
				GCC_WARN_UNUSED_VARIABLE = YES;
				IPHONEOS_DEPLOYMENT_TARGET = 15.0;
				MTL_ENABLE_DEBUG_INFO = INCLUDE_SOURCE;
				MTL_FAST_MATH = YES;
				ONLY_ACTIVE_ARCH = YES;
				SDKROOT = iphoneos;
				SWIFT_ACTIVE_COMPILATION_CONDITIONS = DEBUG;
				SWIFT_OPTIMIZATION_LEVEL = "-Onone";
			};
			name = Debug;
		};
		AF3377A4267BBD42009A29AE /* Release */ = {
			isa = XCBuildConfiguration;
			buildSettings = {
				ALWAYS_SEARCH_USER_PATHS = NO;
				CLANG_ANALYZER_NONNULL = YES;
				CLANG_ANALYZER_NUMBER_OBJECT_CONVERSION = YES_AGGRESSIVE;
				CLANG_CXX_LANGUAGE_STANDARD = "gnu++14";
				CLANG_CXX_LIBRARY = "libc++";
				CLANG_ENABLE_MODULES = YES;
				CLANG_ENABLE_OBJC_ARC = YES;
				CLANG_ENABLE_OBJC_WEAK = YES;
				CLANG_WARN_BLOCK_CAPTURE_AUTORELEASING = YES;
				CLANG_WARN_BOOL_CONVERSION = YES;
				CLANG_WARN_COMMA = YES;
				CLANG_WARN_CONSTANT_CONVERSION = YES;
				CLANG_WARN_DEPRECATED_OBJC_IMPLEMENTATIONS = YES;
				CLANG_WARN_DIRECT_OBJC_ISA_USAGE = YES_ERROR;
				CLANG_WARN_DOCUMENTATION_COMMENTS = YES;
				CLANG_WARN_EMPTY_BODY = YES;
				CLANG_WARN_ENUM_CONVERSION = YES;
				CLANG_WARN_INFINITE_RECURSION = YES;
				CLANG_WARN_INT_CONVERSION = YES;
				CLANG_WARN_NON_LITERAL_NULL_CONVERSION = YES;
				CLANG_WARN_OBJC_IMPLICIT_RETAIN_SELF = YES;
				CLANG_WARN_OBJC_LITERAL_CONVERSION = YES;
				CLANG_WARN_OBJC_ROOT_CLASS = YES_ERROR;
				CLANG_WARN_QUOTED_INCLUDE_IN_FRAMEWORK_HEADER = YES;
				CLANG_WARN_RANGE_LOOP_ANALYSIS = YES;
				CLANG_WARN_STRICT_PROTOTYPES = YES;
				CLANG_WARN_SUSPICIOUS_MOVE = YES;
				CLANG_WARN_UNGUARDED_AVAILABILITY = YES_AGGRESSIVE;
				CLANG_WARN_UNREACHABLE_CODE = YES;
				CLANG_WARN__DUPLICATE_METHOD_MATCH = YES;
				COPY_PHASE_STRIP = NO;
				DEBUG_INFORMATION_FORMAT = "dwarf-with-dsym";
				ENABLE_NS_ASSERTIONS = NO;
				ENABLE_STRICT_OBJC_MSGSEND = YES;
				GCC_C_LANGUAGE_STANDARD = gnu11;
				GCC_NO_COMMON_BLOCKS = YES;
				GCC_WARN_64_TO_32_BIT_CONVERSION = YES;
				GCC_WARN_ABOUT_RETURN_TYPE = YES_ERROR;
				GCC_WARN_UNDECLARED_SELECTOR = YES;
				GCC_WARN_UNINITIALIZED_AUTOS = YES_AGGRESSIVE;
				GCC_WARN_UNUSED_FUNCTION = YES;
				GCC_WARN_UNUSED_VARIABLE = YES;
				IPHONEOS_DEPLOYMENT_TARGET = 15.0;
				MTL_ENABLE_DEBUG_INFO = NO;
				MTL_FAST_MATH = YES;
				SDKROOT = iphoneos;
				SWIFT_COMPILATION_MODE = wholemodule;
				SWIFT_OPTIMIZATION_LEVEL = "-O";
				VALIDATE_PRODUCT = YES;
			};
			name = Release;
		};
		AF3377A6267BBD42009A29AE /* Debug */ = {
			isa = XCBuildConfiguration;
			buildSettings = {
				ASSETCATALOG_COMPILER_APPICON_NAME = AppIcon;
				ASSETCATALOG_COMPILER_GLOBAL_ACCENT_COLOR_NAME = AccentColor;
				CODE_SIGN_STYLE = Automatic;
				CURRENT_PROJECT_VERSION = 1;
				DEVELOPMENT_ASSET_PATHS = "\"CashApp/Preview Content\"";
				DEVELOPMENT_TEAM = 2QG5WSN24S;
				ENABLE_PREVIEWS = YES;
				GENERATE_INFOPLIST_FILE = YES;
				INFOPLIST_FILE = CashApp/Info.plist;
				INFOPLIST_KEY_CFBundleExecutable = CashApp;
				INFOPLIST_KEY_CFBundleName = CashApp;
				INFOPLIST_KEY_CFBundleVersion = 1;
				INFOPLIST_KEY_UIApplicationSceneManifest_Generation = YES;
				INFOPLIST_KEY_UIApplicationSupportsIndirectInputEvents = YES;
				INFOPLIST_KEY_UILaunchScreen_Generation = YES;
				INFOPLIST_KEY_UISupportedInterfaceOrientations_iPad = "UIInterfaceOrientationPortrait UIInterfaceOrientationPortraitUpsideDown UIInterfaceOrientationLandscapeLeft UIInterfaceOrientationLandscapeRight";
				INFOPLIST_KEY_UISupportedInterfaceOrientations_iPhone = "UIInterfaceOrientationPortrait UIInterfaceOrientationLandscapeLeft UIInterfaceOrientationLandscapeRight";
				IPHONEOS_DEPLOYMENT_TARGET = 14.0;
				LD_RUNPATH_SEARCH_PATHS = (
					"$(inherited)",
					"@executable_path/Frameworks",
				);
				PRODUCT_BUNDLE_IDENTIFIER = io.kree.CashApp;
				PRODUCT_NAME = "$(TARGET_NAME)";
				SWIFT_EMIT_LOC_STRINGS = YES;
				SWIFT_VERSION = 5.0;
				TARGETED_DEVICE_FAMILY = "1,2";
			};
			name = Debug;
		};
		AF3377A7267BBD42009A29AE /* Release */ = {
			isa = XCBuildConfiguration;
			buildSettings = {
				ASSETCATALOG_COMPILER_APPICON_NAME = AppIcon;
				ASSETCATALOG_COMPILER_GLOBAL_ACCENT_COLOR_NAME = AccentColor;
				CODE_SIGN_STYLE = Automatic;
				CURRENT_PROJECT_VERSION = 1;
				DEVELOPMENT_ASSET_PATHS = "\"CashApp/Preview Content\"";
				DEVELOPMENT_TEAM = 2QG5WSN24S;
				ENABLE_PREVIEWS = YES;
				GENERATE_INFOPLIST_FILE = YES;
				INFOPLIST_FILE = CashApp/Info.plist;
				INFOPLIST_KEY_CFBundleExecutable = CashApp;
				INFOPLIST_KEY_CFBundleName = CashApp;
				INFOPLIST_KEY_CFBundleVersion = 1;
				INFOPLIST_KEY_UIApplicationSceneManifest_Generation = YES;
				INFOPLIST_KEY_UIApplicationSupportsIndirectInputEvents = YES;
				INFOPLIST_KEY_UILaunchScreen_Generation = YES;
				INFOPLIST_KEY_UISupportedInterfaceOrientations_iPad = "UIInterfaceOrientationPortrait UIInterfaceOrientationPortraitUpsideDown UIInterfaceOrientationLandscapeLeft UIInterfaceOrientationLandscapeRight";
				INFOPLIST_KEY_UISupportedInterfaceOrientations_iPhone = "UIInterfaceOrientationPortrait UIInterfaceOrientationLandscapeLeft UIInterfaceOrientationLandscapeRight";
				IPHONEOS_DEPLOYMENT_TARGET = 14.0;
				LD_RUNPATH_SEARCH_PATHS = (
					"$(inherited)",
					"@executable_path/Frameworks",
				);
				PRODUCT_BUNDLE_IDENTIFIER = io.kree.CashApp;
				PRODUCT_NAME = "$(TARGET_NAME)";
				SWIFT_EMIT_LOC_STRINGS = YES;
				SWIFT_VERSION = 5.0;
				TARGETED_DEVICE_FAMILY = "1,2";
			};
			name = Release;
		};
/* End XCBuildConfiguration section */

/* Begin XCConfigurationList section */
		AF337792267BBD41009A29AE /* Build configuration list for PBXProject "CashApp" */ = {
			isa = XCConfigurationList;
			buildConfigurations = (
				AF3377A3267BBD42009A29AE /* Debug */,
				AF3377A4267BBD42009A29AE /* Release */,
			);
			defaultConfigurationIsVisible = 0;
			defaultConfigurationName = Release;
		};
		AF3377A5267BBD42009A29AE /* Build configuration list for PBXNativeTarget "CashApp" */ = {
			isa = XCConfigurationList;
			buildConfigurations = (
				AF3377A6267BBD42009A29AE /* Debug */,
				AF3377A7267BBD42009A29AE /* Release */,
			);
			defaultConfigurationIsVisible = 0;
			defaultConfigurationName = Release;
		};
/* End XCConfigurationList section */

/* Begin XCRemoteSwiftPackageReference section */
		AF3377C6267BDEB9009A29AE /* XCRemoteSwiftPackageReference "FontAwesomeSwiftUI" */ = {
			isa = XCRemoteSwiftPackageReference;
			repositoryURL = "https://github.com/onmyway133/FontAwesomeSwiftUI";
			requirement = {
				kind = upToNextMajorVersion;
				minimumVersion = 1.0.4;
			};
		};
/* End XCRemoteSwiftPackageReference section */

/* Begin XCSwiftPackageProductDependency section */
		AF3377C7267BDEB9009A29AE /* FontAwesomeSwiftUI */ = {
			isa = XCSwiftPackageProductDependency;
			package = AF3377C6267BDEB9009A29AE /* XCRemoteSwiftPackageReference "FontAwesomeSwiftUI" */;
			productName = FontAwesomeSwiftUI;
		};
/* End XCSwiftPackageProductDependency section */
	};
	rootObject = AF33778F267BBD41009A29AE /* Project object */;
}
